
Microsoft Visual Studio Solution File, Format Version 12.00
# Visual Studio 14
VisualStudioVersion = 14.0.25123.0
MinimumVisualStudioVersion = 10.0.40219.1
Project("{FAE04EC0-301F-11D3-BF4B-00C04F79EFBC}") = "AnagramsWebService", "AnagramsWebService\AnagramsWebService.csproj", "{C93AD1C4-FD25-48BC-8AA3-ADB6E4843851}"
EndProject
Project("{FAE04EC0-301F-11D3-BF4B-00C04F79EFBC}") = "AnagramsWebService.Tests", "AnagramsWebService.Tests\AnagramsWebService.Tests.csproj", "{8DFD768A-0E5A-44C3-A21D-52631011514C}"
EndProject
Global
	GlobalSection(SolutionConfigurationPlatforms) = preSolution
		Debug|Any CPU = Debug|Any CPU
		Release|Any CPU = Release|Any CPU
	EndGlobalSection
	GlobalSection(ProjectConfigurationPlatforms) = postSolution
		{C93AD1C4-FD25-48BC-8AA3-ADB6E4843851}.Debug|Any CPU.ActiveCfg = Debug|Any CPU
		{C93AD1C4-FD25-48BC-8AA3-ADB6E4843851}.Debug|Any CPU.Build.0 = Debug|Any CPU
		{C93AD1C4-FD25-48BC-8AA3-ADB6E4843851}.Release|Any CPU.ActiveCfg = Release|Any CPU
		{C93AD1C4-FD25-48BC-8AA3-ADB6E4843851}.Release|Any CPU.Build.0 = Release|Any CPU
		{8DFD768A-0E5A-44C3-A21D-52631011514C}.Debug|Any CPU.ActiveCfg = Debug|Any CPU
		{8DFD768A-0E5A-44C3-A21D-52631011514C}.Debug|Any CPU.Build.0 = Debug|Any CPU
		{8DFD768A-0E5A-44C3-A21D-52631011514C}.Release|Any CPU.ActiveCfg = Release|Any CPU
		{8DFD768A-0E5A-44C3-A21D-52631011514C}.Release|Any CPU.Build.0 = Release|Any CPU
	EndGlobalSection
	GlobalSection(SolutionProperties) = preSolution
		HideSolutionNode = FALSE
	EndGlobalSection
EndGlobal
